// !$*UTF8*$!
{
	archiveVersion = 1;
	classes = {
	};
	objectVersion = 46;
	objects = {

/* Begin PBXBuildFile section */
		14035A37194A212200AEC543 /* Social.framework in Frameworks */ = {isa = PBXBuildFile; fileRef = 14035A36194A212200AEC543 /* Social.framework */; };
		14315C4D19490A0400378EA5 /* Contact.m in Sources */ = {isa = PBXBuildFile; fileRef = 14315C4C19490A0400378EA5 /* Contact.m */; };
		14315C4F194923DE00378EA5 /* MapKit.framework in Frameworks */ = {isa = PBXBuildFile; fileRef = 14315C4E194923DE00378EA5 /* MapKit.framework */; };
		14315C5C1949297E00378EA5 /* MapVC.m in Sources */ = {isa = PBXBuildFile; fileRef = 14315C5B1949297E00378EA5 /* MapVC.m */; };
		14315C62194A12D700378EA5 /* ParseController.m in Sources */ = {isa = PBXBuildFile; fileRef = 14315C61194A12D700378EA5 /* ParseController.m */; };
		144BA0BE194F68A600977673 /* AddContacts.m in Sources */ = {isa = PBXBuildFile; fileRef = 144BA0BD194F68A600977673 /* AddContacts.m */; };
		144BA0C4194F80A000977673 /* SearchCell.m in Sources */ = {isa = PBXBuildFile; fileRef = 144BA0C3194F80A000977673 /* SearchCell.m */; };
		1482D1FD1950C88200B8F957 /* AddressBookTVC.m in Sources */ = {isa = PBXBuildFile; fileRef = 1482D1FC1950C88200B8F957 /* AddressBookTVC.m */; };
		14AB33031942816400B8E20D /* Foundation.framework in Frameworks */ = {isa = PBXBuildFile; fileRef = 14AB33021942816400B8E20D /* Foundation.framework */; };
		14AB33051942816400B8E20D /* CoreGraphics.framework in Frameworks */ = {isa = PBXBuildFile; fileRef = 14AB33041942816400B8E20D /* CoreGraphics.framework */; };
		14AB33071942816400B8E20D /* UIKit.framework in Frameworks */ = {isa = PBXBuildFile; fileRef = 14AB33061942816400B8E20D /* UIKit.framework */; };
		14AB330D1942816400B8E20D /* InfoPlist.strings in Resources */ = {isa = PBXBuildFile; fileRef = 14AB330B1942816400B8E20D /* InfoPlist.strings */; };
		14AB330F1942816400B8E20D /* main.m in Sources */ = {isa = PBXBuildFile; fileRef = 14AB330E1942816400B8E20D /* main.m */; };
		14AB33131942816400B8E20D /* AppDelegate.m in Sources */ = {isa = PBXBuildFile; fileRef = 14AB33121942816400B8E20D /* AppDelegate.m */; };
		14AB33161942816400B8E20D /* Main_iPhone.storyboard in Resources */ = {isa = PBXBuildFile; fileRef = 14AB33141942816400B8E20D /* Main_iPhone.storyboard */; };
		14AB33191942816400B8E20D /* Main_iPad.storyboard in Resources */ = {isa = PBXBuildFile; fileRef = 14AB33171942816400B8E20D /* Main_iPad.storyboard */; };
		14AB331E1942816400B8E20D /* Images.xcassets in Resources */ = {isa = PBXBuildFile; fileRef = 14AB331D1942816400B8E20D /* Images.xcassets */; };
		14AB33251942816400B8E20D /* XCTest.framework in Frameworks */ = {isa = PBXBuildFile; fileRef = 14AB33241942816400B8E20D /* XCTest.framework */; };
		14AB33261942816400B8E20D /* Foundation.framework in Frameworks */ = {isa = PBXBuildFile; fileRef = 14AB33021942816400B8E20D /* Foundation.framework */; };
		14AB33271942816400B8E20D /* UIKit.framework in Frameworks */ = {isa = PBXBuildFile; fileRef = 14AB33061942816400B8E20D /* UIKit.framework */; };
		14AB332F1942816400B8E20D /* InfoPlist.strings in Resources */ = {isa = PBXBuildFile; fileRef = 14AB332D1942816400B8E20D /* InfoPlist.strings */; };
		14AB33311942816400B8E20D /* LocationsAppTests.m in Sources */ = {isa = PBXBuildFile; fileRef = 14AB33301942816400B8E20D /* LocationsAppTests.m */; };
		14AB333C194281D500B8E20D /* HomepageTVC.m in Sources */ = {isa = PBXBuildFile; fileRef = 14AB333B194281D500B8E20D /* HomepageTVC.m */; };
		14AB333F1942930600B8E20D /* HomepageChatCell.m in Sources */ = {isa = PBXBuildFile; fileRef = 14AB333E1942930600B8E20D /* HomepageChatCell.m */; };
		14AB33471942ECAB00B8E20D /* MessageVC.m in Sources */ = {isa = PBXBuildFile; fileRef = 14AB33461942ECAB00B8E20D /* MessageVC.m */; };
		14C6664E1946353100341F0D /* AudioToolbox.framework in Frameworks */ = {isa = PBXBuildFile; fileRef = 14C6664D1946353100341F0D /* AudioToolbox.framework */; };
		14C666501946353B00341F0D /* CFNetwork.framework in Frameworks */ = {isa = PBXBuildFile; fileRef = 14C6664F1946353B00341F0D /* CFNetwork.framework */; };
		14C666521946354A00341F0D /* CoreLocation.framework in Frameworks */ = {isa = PBXBuildFile; fileRef = 14C666511946354A00341F0D /* CoreLocation.framework */; };
		14C666541946355E00341F0D /* libz.dylib in Frameworks */ = {isa = PBXBuildFile; fileRef = 14C666531946355E00341F0D /* libz.dylib */; };
		14C666561946356800341F0D /* MobileCoreServices.framework in Frameworks */ = {isa = PBXBuildFile; fileRef = 14C666551946356800341F0D /* MobileCoreServices.framework */; };
		14C666581946358600341F0D /* QuartzCore.framework in Frameworks */ = {isa = PBXBuildFile; fileRef = 14C666571946358600341F0D /* QuartzCore.framework */; };
		14C6665A1946358F00341F0D /* Security.framework in Frameworks */ = {isa = PBXBuildFile; fileRef = 14C666591946358F00341F0D /* Security.framework */; };
		14C6665E194635A000341F0D /* SystemConfiguration.framework in Frameworks */ = {isa = PBXBuildFile; fileRef = 14C6665D194635A000341F0D /* SystemConfiguration.framework */; };
		14C66660194636CB00341F0D /* Parse.framework in Frameworks */ = {isa = PBXBuildFile; fileRef = 14C6665F194636CB00341F0D /* Parse.framework */; };
		14C66662194647C900341F0D /* FacebookSDK.framework in Frameworks */ = {isa = PBXBuildFile; fileRef = 14C66661194647C900341F0D /* FacebookSDK.framework */; };
		14C66668194669FF00341F0D /* User.m in Sources */ = {isa = PBXBuildFile; fileRef = 14C66667194669FF00341F0D /* User.m */; };
		14C6667A1947A60A00341F0D /* LocationManagerController.m in Sources */ = {isa = PBXBuildFile; fileRef = 14C666791947A60A00341F0D /* LocationManagerController.m */; };
		7A2B73C3108E4B03BA76408F /* libPods-LocationsApp.a in Frameworks */ = {isa = PBXBuildFile; fileRef = 1D1535FBEDE949B4AA929E11 /* libPods-LocationsApp.a */; };
		E0644B1E195A20590012CAF7 /* AddressBook.framework in Frameworks */ = {isa = PBXBuildFile; fileRef = E0644B1C195A20590012CAF7 /* AddressBook.framework */; };
		E0644B1F195A20590012CAF7 /* AddressBookUI.framework in Frameworks */ = {isa = PBXBuildFile; fileRef = E0644B1D195A20590012CAF7 /* AddressBookUI.framework */; };
		E0644B28195A3FC30012CAF7 /* OptionsView.m in Sources */ = {isa = PBXBuildFile; fileRef = E0644B27195A3FC30012CAF7 /* OptionsView.m */; };
		E0644B2B195B51360012CAF7 /* ContactCell.m in Sources */ = {isa = PBXBuildFile; fileRef = E0644B2A195B51360012CAF7 /* ContactCell.m */; };
		E09829E219648B4E00E75625 /* MessageCVC.m in Sources */ = {isa = PBXBuildFile; fileRef = E09829E119648B4E00E75625 /* MessageCVC.m */; };
		E09829E51964A62700E75625 /* MessageCell.m in Sources */ = {isa = PBXBuildFile; fileRef = E09829E41964A62700E75625 /* MessageCell.m */; };
		E0B3C3B91975FACB00106D72 /* SettingsTVC.m in Sources */ = {isa = PBXBuildFile; fileRef = E0B3C3B81975FACB00106D72 /* SettingsTVC.m */; };
		E0B3C3BC1975FD4C00106D72 /* LogoutCell.m in Sources */ = {isa = PBXBuildFile; fileRef = E0B3C3BB1975FD4C00106D72 /* LogoutCell.m */; };
		E0EFD2CA1986C90B0025F898 /* FirstView.m in Sources */ = {isa = PBXBuildFile; fileRef = E0EFD2C91986C90B0025F898 /* FirstView.m */; };
		E0EFD2CE1986D0DC0025F898 /* LoginView.m in Sources */ = {isa = PBXBuildFile; fileRef = E0EFD2CD1986D0DC0025F898 /* LoginView.m */; };
		E0EFD2D4198712450025F898 /* Signup.m in Sources */ = {isa = PBXBuildFile; fileRef = E0EFD2D3198712450025F898 /* Signup.m */; };
		E0F091E11964F0A900E27499 /* UIImage+ImageEffects.m in Sources */ = {isa = PBXBuildFile; fileRef = E0F091DE1964F0A900E27499 /* UIImage+ImageEffects.m */; };
		E0F091E21964F0A900E27499 /* APLViewController.m in Sources */ = {isa = PBXBuildFile; fileRef = E0F091E01964F0A900E27499 /* APLViewController.m */; };
/* End PBXBuildFile section */

/* Begin PBXContainerItemProxy section */
		14AB33281942816400B8E20D /* PBXContainerItemProxy */ = {
			isa = PBXContainerItemProxy;
			containerPortal = 14AB32F71942816400B8E20D /* Project object */;
			proxyType = 1;
			remoteGlobalIDString = 14AB32FE1942816400B8E20D;
			remoteInfo = LocationsApp;
		};
/* End PBXContainerItemProxy section */

/* Begin PBXFileReference section */
		14035A36194A212200AEC543 /* Social.framework */ = {isa = PBXFileReference; lastKnownFileType = wrapper.framework; name = Social.framework; path = System/Library/Frameworks/Social.framework; sourceTree = SDKROOT; };
		14315C4B19490A0400378EA5 /* Contact.h */ = {isa = PBXFileReference; fileEncoding = 4; lastKnownFileType = sourcecode.c.h; path = Contact.h; sourceTree = "<group>"; };
		14315C4C19490A0400378EA5 /* Contact.m */ = {isa = PBXFileReference; fileEncoding = 4; lastKnownFileType = sourcecode.c.objc; path = Contact.m; sourceTree = "<group>"; };
		14315C4E194923DE00378EA5 /* MapKit.framework */ = {isa = PBXFileReference; lastKnownFileType = wrapper.framework; name = MapKit.framework; path = System/Library/Frameworks/MapKit.framework; sourceTree = SDKROOT; };
		14315C5A1949297E00378EA5 /* MapVC.h */ = {isa = PBXFileReference; fileEncoding = 4; lastKnownFileType = sourcecode.c.h; path = MapVC.h; sourceTree = "<group>"; };
		14315C5B1949297E00378EA5 /* MapVC.m */ = {isa = PBXFileReference; fileEncoding = 4; lastKnownFileType = sourcecode.c.objc; path = MapVC.m; sourceTree = "<group>"; };
		14315C60194A12D700378EA5 /* ParseController.h */ = {isa = PBXFileReference; fileEncoding = 4; lastKnownFileType = sourcecode.c.h; path = ParseController.h; sourceTree = "<group>"; };
		14315C61194A12D700378EA5 /* ParseController.m */ = {isa = PBXFileReference; fileEncoding = 4; lastKnownFileType = sourcecode.c.objc; path = ParseController.m; sourceTree = "<group>"; };
		144BA0BC194F68A600977673 /* AddContacts.h */ = {isa = PBXFileReference; fileEncoding = 4; lastKnownFileType = sourcecode.c.h; path = AddContacts.h; sourceTree = "<group>"; };
		144BA0BD194F68A600977673 /* AddContacts.m */ = {isa = PBXFileReference; fileEncoding = 4; lastKnownFileType = sourcecode.c.objc; path = AddContacts.m; sourceTree = "<group>"; };
		144BA0C2194F80A000977673 /* SearchCell.h */ = {isa = PBXFileReference; fileEncoding = 4; lastKnownFileType = sourcecode.c.h; path = SearchCell.h; sourceTree = "<group>"; };
		144BA0C3194F80A000977673 /* SearchCell.m */ = {isa = PBXFileReference; fileEncoding = 4; lastKnownFileType = sourcecode.c.objc; path = SearchCell.m; sourceTree = "<group>"; };
		1482D1FB1950C88200B8F957 /* AddressBookTVC.h */ = {isa = PBXFileReference; fileEncoding = 4; lastKnownFileType = sourcecode.c.h; path = AddressBookTVC.h; sourceTree = "<group>"; };
		1482D1FC1950C88200B8F957 /* AddressBookTVC.m */ = {isa = PBXFileReference; fileEncoding = 4; lastKnownFileType = sourcecode.c.objc; path = AddressBookTVC.m; sourceTree = "<group>"; };
		1482D1FE1952486000B8F957 /* libPods-LocationsApp-MCSwipeTableViewCell.a */ = {isa = PBXFileReference; lastKnownFileType = archive.ar; name = "libPods-LocationsApp-MCSwipeTableViewCell.a"; path = "Pods/build/Debug-iphoneos/libPods-LocationsApp-MCSwipeTableViewCell.a"; sourceTree = "<group>"; };
		14AB32FF1942816400B8E20D /* LocationsApp.app */ = {isa = PBXFileReference; explicitFileType = wrapper.application; includeInIndex = 0; path = LocationsApp.app; sourceTree = BUILT_PRODUCTS_DIR; };
		14AB33021942816400B8E20D /* Foundation.framework */ = {isa = PBXFileReference; lastKnownFileType = wrapper.framework; name = Foundation.framework; path = System/Library/Frameworks/Foundation.framework; sourceTree = SDKROOT; };
		14AB33041942816400B8E20D /* CoreGraphics.framework */ = {isa = PBXFileReference; lastKnownFileType = wrapper.framework; name = CoreGraphics.framework; path = System/Library/Frameworks/CoreGraphics.framework; sourceTree = SDKROOT; };
		14AB33061942816400B8E20D /* UIKit.framework */ = {isa = PBXFileReference; lastKnownFileType = wrapper.framework; name = UIKit.framework; path = System/Library/Frameworks/UIKit.framework; sourceTree = SDKROOT; };
		14AB330A1942816400B8E20D /* LocationsApp-Info.plist */ = {isa = PBXFileReference; lastKnownFileType = text.plist.xml; path = "LocationsApp-Info.plist"; sourceTree = "<group>"; };
		14AB330C1942816400B8E20D /* en */ = {isa = PBXFileReference; lastKnownFileType = text.plist.strings; name = en; path = en.lproj/InfoPlist.strings; sourceTree = "<group>"; };
		14AB330E1942816400B8E20D /* main.m */ = {isa = PBXFileReference; lastKnownFileType = sourcecode.c.objc; path = main.m; sourceTree = "<group>"; };
		14AB33101942816400B8E20D /* LocationsApp-Prefix.pch */ = {isa = PBXFileReference; lastKnownFileType = sourcecode.c.h; path = "LocationsApp-Prefix.pch"; sourceTree = "<group>"; };
		14AB33111942816400B8E20D /* AppDelegate.h */ = {isa = PBXFileReference; lastKnownFileType = sourcecode.c.h; path = AppDelegate.h; sourceTree = "<group>"; };
		14AB33121942816400B8E20D /* AppDelegate.m */ = {isa = PBXFileReference; lastKnownFileType = sourcecode.c.objc; path = AppDelegate.m; sourceTree = "<group>"; };
		14AB33151942816400B8E20D /* Base */ = {isa = PBXFileReference; lastKnownFileType = file.storyboard; name = Base; path = Base.lproj/Main_iPhone.storyboard; sourceTree = "<group>"; };
		14AB33181942816400B8E20D /* Base */ = {isa = PBXFileReference; lastKnownFileType = file.storyboard; name = Base; path = Base.lproj/Main_iPad.storyboard; sourceTree = "<group>"; };
		14AB331D1942816400B8E20D /* Images.xcassets */ = {isa = PBXFileReference; lastKnownFileType = folder.assetcatalog; path = Images.xcassets; sourceTree = "<group>"; };
		14AB33231942816400B8E20D /* LocationsAppTests.xctest */ = {isa = PBXFileReference; explicitFileType = wrapper.cfbundle; includeInIndex = 0; path = LocationsAppTests.xctest; sourceTree = BUILT_PRODUCTS_DIR; };
		14AB33241942816400B8E20D /* XCTest.framework */ = {isa = PBXFileReference; lastKnownFileType = wrapper.framework; name = XCTest.framework; path = Library/Frameworks/XCTest.framework; sourceTree = DEVELOPER_DIR; };
		14AB332C1942816400B8E20D /* LocationsAppTests-Info.plist */ = {isa = PBXFileReference; lastKnownFileType = text.plist.xml; path = "LocationsAppTests-Info.plist"; sourceTree = "<group>"; };
		14AB332E1942816400B8E20D /* en */ = {isa = PBXFileReference; lastKnownFileType = text.plist.strings; name = en; path = en.lproj/InfoPlist.strings; sourceTree = "<group>"; };
		14AB33301942816400B8E20D /* LocationsAppTests.m */ = {isa = PBXFileReference; lastKnownFileType = sourcecode.c.objc; path = LocationsAppTests.m; sourceTree = "<group>"; };
		14AB333A194281D400B8E20D /* HomepageTVC.h */ = {isa = PBXFileReference; fileEncoding = 4; lastKnownFileType = sourcecode.c.h; path = HomepageTVC.h; sourceTree = "<group>"; };
		14AB333B194281D500B8E20D /* HomepageTVC.m */ = {isa = PBXFileReference; fileEncoding = 4; lastKnownFileType = sourcecode.c.objc; path = HomepageTVC.m; sourceTree = "<group>"; };
		14AB333D1942930600B8E20D /* HomepageChatCell.h */ = {isa = PBXFileReference; fileEncoding = 4; lastKnownFileType = sourcecode.c.h; path = HomepageChatCell.h; sourceTree = "<group>"; };
		14AB333E1942930600B8E20D /* HomepageChatCell.m */ = {isa = PBXFileReference; fileEncoding = 4; lastKnownFileType = sourcecode.c.objc; path = HomepageChatCell.m; sourceTree = "<group>"; };
		14AB33451942ECAB00B8E20D /* MessageVC.h */ = {isa = PBXFileReference; fileEncoding = 4; lastKnownFileType = sourcecode.c.h; path = MessageVC.h; sourceTree = "<group>"; };
		14AB33461942ECAB00B8E20D /* MessageVC.m */ = {isa = PBXFileReference; fileEncoding = 4; lastKnownFileType = sourcecode.c.objc; path = MessageVC.m; sourceTree = "<group>"; };
		14C6664D1946353100341F0D /* AudioToolbox.framework */ = {isa = PBXFileReference; lastKnownFileType = wrapper.framework; name = AudioToolbox.framework; path = System/Library/Frameworks/AudioToolbox.framework; sourceTree = SDKROOT; };
		14C6664F1946353B00341F0D /* CFNetwork.framework */ = {isa = PBXFileReference; lastKnownFileType = wrapper.framework; name = CFNetwork.framework; path = System/Library/Frameworks/CFNetwork.framework; sourceTree = SDKROOT; };
		14C666511946354A00341F0D /* CoreLocation.framework */ = {isa = PBXFileReference; lastKnownFileType = wrapper.framework; name = CoreLocation.framework; path = System/Library/Frameworks/CoreLocation.framework; sourceTree = SDKROOT; };
		14C666531946355E00341F0D /* libz.dylib */ = {isa = PBXFileReference; lastKnownFileType = "compiled.mach-o.dylib"; name = libz.dylib; path = usr/lib/libz.dylib; sourceTree = SDKROOT; };
		14C666551946356800341F0D /* MobileCoreServices.framework */ = {isa = PBXFileReference; lastKnownFileType = wrapper.framework; name = MobileCoreServices.framework; path = System/Library/Frameworks/MobileCoreServices.framework; sourceTree = SDKROOT; };
		14C666571946358600341F0D /* QuartzCore.framework */ = {isa = PBXFileReference; lastKnownFileType = wrapper.framework; name = QuartzCore.framework; path = System/Library/Frameworks/QuartzCore.framework; sourceTree = SDKROOT; };
		14C666591946358F00341F0D /* Security.framework */ = {isa = PBXFileReference; lastKnownFileType = wrapper.framework; name = Security.framework; path = System/Library/Frameworks/Security.framework; sourceTree = SDKROOT; };
		14C6665D194635A000341F0D /* SystemConfiguration.framework */ = {isa = PBXFileReference; lastKnownFileType = wrapper.framework; name = SystemConfiguration.framework; path = System/Library/Frameworks/SystemConfiguration.framework; sourceTree = SDKROOT; };
		14C6665F194636CB00341F0D /* Parse.framework */ = {isa = PBXFileReference; lastKnownFileType = wrapper.framework; path = Parse.framework; sourceTree = "<group>"; };
		14C66661194647C900341F0D /* FacebookSDK.framework */ = {isa = PBXFileReference; lastKnownFileType = wrapper.framework; path = FacebookSDK.framework; sourceTree = "<group>"; };
		14C66666194669FF00341F0D /* User.h */ = {isa = PBXFileReference; fileEncoding = 4; lastKnownFileType = sourcecode.c.h; path = User.h; sourceTree = "<group>"; };
		14C66667194669FF00341F0D /* User.m */ = {isa = PBXFileReference; fileEncoding = 4; lastKnownFileType = sourcecode.c.objc; path = User.m; sourceTree = "<group>"; };
		14C666781947A60A00341F0D /* LocationManagerController.h */ = {isa = PBXFileReference; fileEncoding = 4; lastKnownFileType = sourcecode.c.h; path = LocationManagerController.h; sourceTree = "<group>"; };
		14C666791947A60A00341F0D /* LocationManagerController.m */ = {isa = PBXFileReference; fileEncoding = 4; lastKnownFileType = sourcecode.c.objc; path = LocationManagerController.m; sourceTree = "<group>"; };
		1D1535FBEDE949B4AA929E11 /* libPods-LocationsApp.a */ = {isa = PBXFileReference; explicitFileType = archive.ar; includeInIndex = 0; path = "libPods-LocationsApp.a"; sourceTree = BUILT_PRODUCTS_DIR; };
		80A31E3896C1448999197265 /* Pods-LocationsApp.xcconfig */ = {isa = PBXFileReference; includeInIndex = 1; lastKnownFileType = text.xcconfig; name = "Pods-LocationsApp.xcconfig"; path = "Pods/Pods-LocationsApp.xcconfig"; sourceTree = "<group>"; };
		E0644B1C195A20590012CAF7 /* AddressBook.framework */ = {isa = PBXFileReference; lastKnownFileType = wrapper.framework; name = AddressBook.framework; path = System/Library/Frameworks/AddressBook.framework; sourceTree = SDKROOT; };
		E0644B1D195A20590012CAF7 /* AddressBookUI.framework */ = {isa = PBXFileReference; lastKnownFileType = wrapper.framework; name = AddressBookUI.framework; path = System/Library/Frameworks/AddressBookUI.framework; sourceTree = SDKROOT; };
		E0644B26195A3FC30012CAF7 /* OptionsView.h */ = {isa = PBXFileReference; fileEncoding = 4; lastKnownFileType = sourcecode.c.h; path = OptionsView.h; sourceTree = "<group>"; };
		E0644B27195A3FC30012CAF7 /* OptionsView.m */ = {isa = PBXFileReference; fileEncoding = 4; lastKnownFileType = sourcecode.c.objc; path = OptionsView.m; sourceTree = "<group>"; };
		E0644B29195B51360012CAF7 /* ContactCell.h */ = {isa = PBXFileReference; fileEncoding = 4; lastKnownFileType = sourcecode.c.h; path = ContactCell.h; sourceTree = "<group>"; };
		E0644B2A195B51360012CAF7 /* ContactCell.m */ = {isa = PBXFileReference; fileEncoding = 4; lastKnownFileType = sourcecode.c.objc; path = ContactCell.m; sourceTree = "<group>"; };
		E09829E019648B4E00E75625 /* MessageCVC.h */ = {isa = PBXFileReference; fileEncoding = 4; lastKnownFileType = sourcecode.c.h; path = MessageCVC.h; sourceTree = "<group>"; };
		E09829E119648B4E00E75625 /* MessageCVC.m */ = {isa = PBXFileReference; fileEncoding = 4; lastKnownFileType = sourcecode.c.objc; path = MessageCVC.m; sourceTree = "<group>"; };
		E09829E31964A62700E75625 /* MessageCell.h */ = {isa = PBXFileReference; fileEncoding = 4; lastKnownFileType = sourcecode.c.h; path = MessageCell.h; sourceTree = "<group>"; };
		E09829E41964A62700E75625 /* MessageCell.m */ = {isa = PBXFileReference; fileEncoding = 4; lastKnownFileType = sourcecode.c.objc; path = MessageCell.m; sourceTree = "<group>"; };
		E0AC21691982D2390010006E /* LocationsApp.entitlements */ = {isa = PBXFileReference; lastKnownFileType = text.xml; path = LocationsApp.entitlements; sourceTree = "<group>"; };
		E0B3C3B71975FACB00106D72 /* SettingsTVC.h */ = {isa = PBXFileReference; fileEncoding = 4; lastKnownFileType = sourcecode.c.h; path = SettingsTVC.h; sourceTree = "<group>"; };
		E0B3C3B81975FACB00106D72 /* SettingsTVC.m */ = {isa = PBXFileReference; fileEncoding = 4; lastKnownFileType = sourcecode.c.objc; path = SettingsTVC.m; sourceTree = "<group>"; };
		E0B3C3BA1975FD4C00106D72 /* LogoutCell.h */ = {isa = PBXFileReference; fileEncoding = 4; lastKnownFileType = sourcecode.c.h; path = LogoutCell.h; sourceTree = "<group>"; };
		E0B3C3BB1975FD4C00106D72 /* LogoutCell.m */ = {isa = PBXFileReference; fileEncoding = 4; lastKnownFileType = sourcecode.c.objc; path = LogoutCell.m; sourceTree = "<group>"; };
		E0EFD2C81986C90B0025F898 /* FirstView.h */ = {isa = PBXFileReference; fileEncoding = 4; lastKnownFileType = sourcecode.c.h; path = FirstView.h; sourceTree = "<group>"; };
		E0EFD2C91986C90B0025F898 /* FirstView.m */ = {isa = PBXFileReference; fileEncoding = 4; lastKnownFileType = sourcecode.c.objc; path = FirstView.m; sourceTree = "<group>"; };
		E0EFD2CC1986D0DC0025F898 /* LoginView.h */ = {isa = PBXFileReference; fileEncoding = 4; lastKnownFileType = sourcecode.c.h; path = LoginView.h; sourceTree = "<group>"; };
		E0EFD2CD1986D0DC0025F898 /* LoginView.m */ = {isa = PBXFileReference; fileEncoding = 4; lastKnownFileType = sourcecode.c.objc; path = LoginView.m; sourceTree = "<group>"; };
		E0EFD2D2198712450025F898 /* Signup.h */ = {isa = PBXFileReference; fileEncoding = 4; lastKnownFileType = sourcecode.c.h; path = Signup.h; sourceTree = "<group>"; };
		E0EFD2D3198712450025F898 /* Signup.m */ = {isa = PBXFileReference; fileEncoding = 4; lastKnownFileType = sourcecode.c.objc; path = Signup.m; sourceTree = "<group>"; };
		E0F091DD1964F0A900E27499 /* UIImage+ImageEffects.h */ = {isa = PBXFileReference; fileEncoding = 4; lastKnownFileType = sourcecode.c.h; path = "UIImage+ImageEffects.h"; sourceTree = "<group>"; };
		E0F091DE1964F0A900E27499 /* UIImage+ImageEffects.m */ = {isa = PBXFileReference; fileEncoding = 4; lastKnownFileType = sourcecode.c.objc; path = "UIImage+ImageEffects.m"; sourceTree = "<group>"; };
		E0F091DF1964F0A900E27499 /* APLViewController.h */ = {isa = PBXFileReference; fileEncoding = 4; lastKnownFileType = sourcecode.c.h; path = APLViewController.h; sourceTree = "<group>"; };
		E0F091E01964F0A900E27499 /* APLViewController.m */ = {isa = PBXFileReference; fileEncoding = 4; lastKnownFileType = sourcecode.c.objc; path = APLViewController.m; sourceTree = "<group>"; };
/* End PBXFileReference section */

/* Begin PBXFrameworksBuildPhase section */
		14AB32FC1942816400B8E20D /* Frameworks */ = {
			isa = PBXFrameworksBuildPhase;
			buildActionMask = 2147483647;
			files = (
				14AB33051942816400B8E20D /* CoreGraphics.framework in Frameworks */,
				E0644B1E195A20590012CAF7 /* AddressBook.framework in Frameworks */,
				E0644B1F195A20590012CAF7 /* AddressBookUI.framework in Frameworks */,
				14035A37194A212200AEC543 /* Social.framework in Frameworks */,
				14C6665E194635A000341F0D /* SystemConfiguration.framework in Frameworks */,
				14C6665A1946358F00341F0D /* Security.framework in Frameworks */,
				14C666581946358600341F0D /* QuartzCore.framework in Frameworks */,
				14C666561946356800341F0D /* MobileCoreServices.framework in Frameworks */,
				14C666541946355E00341F0D /* libz.dylib in Frameworks */,
				14C66660194636CB00341F0D /* Parse.framework in Frameworks */,
				14315C4F194923DE00378EA5 /* MapKit.framework in Frameworks */,
				14C666521946354A00341F0D /* CoreLocation.framework in Frameworks */,
				14C666501946353B00341F0D /* CFNetwork.framework in Frameworks */,
				14C6664E1946353100341F0D /* AudioToolbox.framework in Frameworks */,
				14AB33071942816400B8E20D /* UIKit.framework in Frameworks */,
				14AB33031942816400B8E20D /* Foundation.framework in Frameworks */,
				14C66662194647C900341F0D /* FacebookSDK.framework in Frameworks */,
				7A2B73C3108E4B03BA76408F /* libPods-LocationsApp.a in Frameworks */,
			);
			runOnlyForDeploymentPostprocessing = 0;
		};
		14AB33201942816400B8E20D /* Frameworks */ = {
			isa = PBXFrameworksBuildPhase;
			buildActionMask = 2147483647;
			files = (
				14AB33251942816400B8E20D /* XCTest.framework in Frameworks */,
				14AB33271942816400B8E20D /* UIKit.framework in Frameworks */,
				14AB33261942816400B8E20D /* Foundation.framework in Frameworks */,
			);
			runOnlyForDeploymentPostprocessing = 0;
		};
/* End PBXFrameworksBuildPhase section */

/* Begin PBXGroup section */
		14AB32F61942816400B8E20D = {
			isa = PBXGroup;
			children = (
				E0EFD2CB1986C90F0025F898 /* LoginSignupControllers */,
				14AB33081942816400B8E20D /* LocationsApp */,
				14AB332A1942816400B8E20D /* LocationsAppTests */,
				14AB33011942816400B8E20D /* Frameworks */,
				14AB33001942816400B8E20D /* Products */,
				80A31E3896C1448999197265 /* Pods-LocationsApp.xcconfig */,
			);
			sourceTree = "<group>";
		};
		14AB33001942816400B8E20D /* Products */ = {
			isa = PBXGroup;
			children = (
				14AB32FF1942816400B8E20D /* LocationsApp.app */,
				14AB33231942816400B8E20D /* LocationsAppTests.xctest */,
			);
			name = Products;
			sourceTree = "<group>";
		};
		14AB33011942816400B8E20D /* Frameworks */ = {
			isa = PBXGroup;
			children = (
				E0644B1C195A20590012CAF7 /* AddressBook.framework */,
				E0644B1D195A20590012CAF7 /* AddressBookUI.framework */,
				1482D1FE1952486000B8F957 /* libPods-LocationsApp-MCSwipeTableViewCell.a */,
				14035A36194A212200AEC543 /* Social.framework */,
				14315C4E194923DE00378EA5 /* MapKit.framework */,
				14C66661194647C900341F0D /* FacebookSDK.framework */,
				14C6665F194636CB00341F0D /* Parse.framework */,
				14C6665D194635A000341F0D /* SystemConfiguration.framework */,
				14C666591946358F00341F0D /* Security.framework */,
				14C666571946358600341F0D /* QuartzCore.framework */,
				14C666551946356800341F0D /* MobileCoreServices.framework */,
				14C666531946355E00341F0D /* libz.dylib */,
				14C666511946354A00341F0D /* CoreLocation.framework */,
				14C6664F1946353B00341F0D /* CFNetwork.framework */,
				14C6664D1946353100341F0D /* AudioToolbox.framework */,
				14AB33021942816400B8E20D /* Foundation.framework */,
				14AB33041942816400B8E20D /* CoreGraphics.framework */,
				14AB33061942816400B8E20D /* UIKit.framework */,
				14AB33241942816400B8E20D /* XCTest.framework */,
				1D1535FBEDE949B4AA929E11 /* libPods-LocationsApp.a */,
			);
			name = Frameworks;
			sourceTree = "<group>";
		};
		14AB33081942816400B8E20D /* LocationsApp */ = {
			isa = PBXGroup;
			children = (
				E0AC21691982D2390010006E /* LocationsApp.entitlements */,
				14AB33111942816400B8E20D /* AppDelegate.h */,
				14AB33121942816400B8E20D /* AppDelegate.m */,
				14AB33141942816400B8E20D /* Main_iPhone.storyboard */,
				14AB33171942816400B8E20D /* Main_iPad.storyboard */,
				E0F091E61965EA0800E27499 /* BlurImage */,
				14C666711946B4D800341F0D /* Controllers */,
				14C6666919466B2000341F0D /* People */,
				14AB33411942931C00B8E20D /* Views */,
				14AB33401942930F00B8E20D /* TableViewCells */,
				E09829E61964A62D00E75625 /* CollectionViewCells */,
				14AB331D1942816400B8E20D /* Images.xcassets */,
				14AB33091942816400B8E20D /* Supporting Files */,
			);
			path = LocationsApp;
			sourceTree = "<group>";
		};
		14AB33091942816400B8E20D /* Supporting Files */ = {
			isa = PBXGroup;
			children = (
				14AB330A1942816400B8E20D /* LocationsApp-Info.plist */,
				14AB330B1942816400B8E20D /* InfoPlist.strings */,
				14AB330E1942816400B8E20D /* main.m */,
				14AB33101942816400B8E20D /* LocationsApp-Prefix.pch */,
			);
			name = "Supporting Files";
			sourceTree = "<group>";
		};
		14AB332A1942816400B8E20D /* LocationsAppTests */ = {
			isa = PBXGroup;
			children = (
				14AB33301942816400B8E20D /* LocationsAppTests.m */,
				14AB332B1942816400B8E20D /* Supporting Files */,
			);
			path = LocationsAppTests;
			sourceTree = "<group>";
		};
		14AB332B1942816400B8E20D /* Supporting Files */ = {
			isa = PBXGroup;
			children = (
				14AB332C1942816400B8E20D /* LocationsAppTests-Info.plist */,
				14AB332D1942816400B8E20D /* InfoPlist.strings */,
			);
			name = "Supporting Files";
			sourceTree = "<group>";
		};
		14AB33401942930F00B8E20D /* TableViewCells */ = {
			isa = PBXGroup;
			children = (
				14AB333D1942930600B8E20D /* HomepageChatCell.h */,
				14AB333E1942930600B8E20D /* HomepageChatCell.m */,
				E0644B29195B51360012CAF7 /* ContactCell.h */,
				E0644B2A195B51360012CAF7 /* ContactCell.m */,
				144BA0C2194F80A000977673 /* SearchCell.h */,
				144BA0C3194F80A000977673 /* SearchCell.m */,
				E0B3C3BA1975FD4C00106D72 /* LogoutCell.h */,
				E0B3C3BB1975FD4C00106D72 /* LogoutCell.m */,
			);
			name = TableViewCells;
			sourceTree = "<group>";
		};
		14AB33411942931C00B8E20D /* Views */ = {
			isa = PBXGroup;
			children = (
				14AB333A194281D400B8E20D /* HomepageTVC.h */,
				14AB333B194281D500B8E20D /* HomepageTVC.m */,
				1482D1FB1950C88200B8F957 /* AddressBookTVC.h */,
				1482D1FC1950C88200B8F957 /* AddressBookTVC.m */,
				E0B3C3B71975FACB00106D72 /* SettingsTVC.h */,
				E0B3C3B81975FACB00106D72 /* SettingsTVC.m */,
				144BA0BC194F68A600977673 /* AddContacts.h */,
				144BA0BD194F68A600977673 /* AddContacts.m */,
				E0644B26195A3FC30012CAF7 /* OptionsView.h */,
				E0644B27195A3FC30012CAF7 /* OptionsView.m */,
				E09829E019648B4E00E75625 /* MessageCVC.h */,
				E09829E119648B4E00E75625 /* MessageCVC.m */,
				14315C5A1949297E00378EA5 /* MapVC.h */,
				14315C5B1949297E00378EA5 /* MapVC.m */,
				14AB33451942ECAB00B8E20D /* MessageVC.h */,
				14AB33461942ECAB00B8E20D /* MessageVC.m */,
			);
			name = Views;
			sourceTree = "<group>";
		};
		14C6666919466B2000341F0D /* People */ = {
			isa = PBXGroup;
			children = (
				14C66666194669FF00341F0D /* User.h */,
				14C66667194669FF00341F0D /* User.m */,
				14315C4B19490A0400378EA5 /* Contact.h */,
				14315C4C19490A0400378EA5 /* Contact.m */,
			);
			name = People;
			sourceTree = "<group>";
		};
		14C666711946B4D800341F0D /* Controllers */ = {
			isa = PBXGroup;
			children = (
				14C666781947A60A00341F0D /* LocationManagerController.h */,
				14C666791947A60A00341F0D /* LocationManagerController.m */,
				14315C60194A12D700378EA5 /* ParseController.h */,
				14315C61194A12D700378EA5 /* ParseController.m */,
			);
			name = Controllers;
			sourceTree = "<group>";
		};
		E09829E61964A62D00E75625 /* CollectionViewCells */ = {
			isa = PBXGroup;
			children = (
				E09829E31964A62700E75625 /* MessageCell.h */,
				E09829E41964A62700E75625 /* MessageCell.m */,
			);
			name = CollectionViewCells;
			sourceTree = "<group>";
		};
		E0EFD2CB1986C90F0025F898 /* LoginSignupControllers */ = {
			isa = PBXGroup;
			children = (
				E0EFD2C81986C90B0025F898 /* FirstView.h */,
				E0EFD2C91986C90B0025F898 /* FirstView.m */,
				E0EFD2CC1986D0DC0025F898 /* LoginView.h */,
				E0EFD2CD1986D0DC0025F898 /* LoginView.m */,
				E0EFD2D2198712450025F898 /* Signup.h */,
				E0EFD2D3198712450025F898 /* Signup.m */,
			);
			name = LoginSignupControllers;
			sourceTree = "<group>";
		};
		E0F091E61965EA0800E27499 /* BlurImage */ = {
			isa = PBXGroup;
			children = (
				E0F091DD1964F0A900E27499 /* UIImage+ImageEffects.h */,
				E0F091DE1964F0A900E27499 /* UIImage+ImageEffects.m */,
				E0F091DF1964F0A900E27499 /* APLViewController.h */,
				E0F091E01964F0A900E27499 /* APLViewController.m */,
			);
			name = BlurImage;
			sourceTree = "<group>";
		};
/* End PBXGroup section */

/* Begin PBXNativeTarget section */
		14AB32FE1942816400B8E20D /* LocationsApp */ = {
			isa = PBXNativeTarget;
			buildConfigurationList = 14AB33341942816400B8E20D /* Build configuration list for PBXNativeTarget "LocationsApp" */;
			buildPhases = (
				D8DD353706A042B69042799D /* Check Pods Manifest.lock */,
				14AB32FB1942816400B8E20D /* Sources */,
				14AB32FC1942816400B8E20D /* Frameworks */,
				E0B3C3BD19788B2800106D72 /* Export Sketch Assets */,
				14AB32FD1942816400B8E20D /* Resources */,
				B68D7621ECA44312BAA36037 /* Copy Pods Resources */,
			);
			buildRules = (
			);
			dependencies = (
			);
			name = LocationsApp;
			productName = LocationsApp;
			productReference = 14AB32FF1942816400B8E20D /* LocationsApp.app */;
			productType = "com.apple.product-type.application";
		};
		14AB33221942816400B8E20D /* LocationsAppTests */ = {
			isa = PBXNativeTarget;
			buildConfigurationList = 14AB33371942816400B8E20D /* Build configuration list for PBXNativeTarget "LocationsAppTests" */;
			buildPhases = (
				14AB331F1942816400B8E20D /* Sources */,
				14AB33201942816400B8E20D /* Frameworks */,
				14AB33211942816400B8E20D /* Resources */,
			);
			buildRules = (
			);
			dependencies = (
				14AB33291942816400B8E20D /* PBXTargetDependency */,
			);
			name = LocationsAppTests;
			productName = LocationsAppTests;
			productReference = 14AB33231942816400B8E20D /* LocationsAppTests.xctest */;
			productType = "com.apple.product-type.bundle.unit-test";
		};
/* End PBXNativeTarget section */

/* Begin PBXProject section */
		14AB32F71942816400B8E20D /* Project object */ = {
			isa = PBXProject;
			attributes = {
				LastUpgradeCheck = 0510;
				ORGANIZATIONNAME = "Meera Parat";
				TargetAttributes = {
					14AB32FE1942816400B8E20D = {
						DevelopmentTeam = U72AQXJV3B;
						SystemCapabilities = {
							com.apple.BackgroundModes = {
								enabled = 1;
							};
							com.apple.InAppPurchase = {
								enabled = 0;
							};
							com.apple.Keychain = {
								enabled = 0;
							};
							com.apple.iOS = {
								enabled = 1;
							};
						};
					};
					14AB33221942816400B8E20D = {
						TestTargetID = 14AB32FE1942816400B8E20D;
					};
				};
			};
			buildConfigurationList = 14AB32FA1942816400B8E20D /* Build configuration list for PBXProject "LocationsApp" */;
			compatibilityVersion = "Xcode 3.2";
			developmentRegion = English;
			hasScannedForEncodings = 0;
			knownRegions = (
				en,
				Base,
			);
			mainGroup = 14AB32F61942816400B8E20D;
			productRefGroup = 14AB33001942816400B8E20D /* Products */;
			projectDirPath = "";
			projectRoot = "";
			targets = (
				14AB32FE1942816400B8E20D /* LocationsApp */,
				14AB33221942816400B8E20D /* LocationsAppTests */,
			);
		};
/* End PBXProject section */

/* Begin PBXResourcesBuildPhase section */
		14AB32FD1942816400B8E20D /* Resources */ = {
			isa = PBXResourcesBuildPhase;
			buildActionMask = 2147483647;
			files = (
				14AB33191942816400B8E20D /* Main_iPad.storyboard in Resources */,
				14AB331E1942816400B8E20D /* Images.xcassets in Resources */,
				14AB33161942816400B8E20D /* Main_iPhone.storyboard in Resources */,
				14AB330D1942816400B8E20D /* InfoPlist.strings in Resources */,
			);
			runOnlyForDeploymentPostprocessing = 0;
		};
		14AB33211942816400B8E20D /* Resources */ = {
			isa = PBXResourcesBuildPhase;
			buildActionMask = 2147483647;
			files = (
				14AB332F1942816400B8E20D /* InfoPlist.strings in Resources */,
			);
			runOnlyForDeploymentPostprocessing = 0;
		};
/* End PBXResourcesBuildPhase section */

/* Begin PBXShellScriptBuildPhase section */
		B68D7621ECA44312BAA36037 /* Copy Pods Resources */ = {
			isa = PBXShellScriptBuildPhase;
			buildActionMask = 2147483647;
			files = (
			);
			inputPaths = (
			);
			name = "Copy Pods Resources";
			outputPaths = (
			);
			runOnlyForDeploymentPostprocessing = 0;
			shellPath = /bin/sh;
			shellScript = "\"${SRCROOT}/Pods/Pods-LocationsApp-resources.sh\"\n";
			showEnvVarsInLog = 0;
		};
		D8DD353706A042B69042799D /* Check Pods Manifest.lock */ = {
			isa = PBXShellScriptBuildPhase;
			buildActionMask = 2147483647;
			files = (
			);
			inputPaths = (
			);
			name = "Check Pods Manifest.lock";
			outputPaths = (
			);
			runOnlyForDeploymentPostprocessing = 0;
			shellPath = /bin/sh;
			shellScript = "diff \"${PODS_ROOT}/../Podfile.lock\" \"${PODS_ROOT}/Manifest.lock\" > /dev/null\nif [[ $? != 0 ]] ; then\n    cat << EOM\nerror: The sandbox is not in sync with the Podfile.lock. Run 'pod install' or update your CocoaPods installation.\nEOM\n    exit 1\nfi\n";
			showEnvVarsInLog = 0;
		};
		E0B3C3BD19788B2800106D72 /* Export Sketch Assets */ = {
			isa = PBXShellScriptBuildPhase;
			buildActionMask = 2147483647;
			files = (
			);
			inputPaths = (
			);
			name = "Export Sketch Assets";
			outputPaths = (
			);
			runOnlyForDeploymentPostprocessing = 0;
			shellPath = /bin/sh;
			shellScript = "#Settings\nsketchtool export artboards \"$PROJECT_DIR\"/\"Graphics Resources/Settings.sketch\" --output=\"$PROJECT_DIR\"/\"$PROJECT_NAME\"/Images.xcassets/Settings.imageset --formats=\"png\"\n#UnselectedContacts\nsketchtool export artboards \"$PROJECT_DIR\"/\"Graphics Resources/UnselectedContacts.sketch\" --output=\"$PROJECT_DIR\"/\"$PROJECT_NAME\"/Images.xcassets/UnselectedContacts.imageset --formats=\"png\"\n#SelectedContacts\nsketchtool export artboards \"$PROJECT_DIR\"/\"Graphics Resources/SelectedContacts.sketch\" --output=\"$PROJECT_DIR\"/\"$PROJECT_NAME\"/Images.xcassets/SelectedContacts.imageset --formats=\"png\"\n#UnselectedMessages\nsketchtool export artboards \"$PROJECT_DIR\"/\"Graphics Resources/UnselectedMessages.sketch\" --output=\"$PROJECT_DIR\"/\"$PROJECT_NAME\"/Images.xcassets/UnselectedMessages.imageset --formats=\"png\"\n#SelectedMessage\nsketchtool export artboards \"$PROJECT_DIR\"/\"Graphics Resources/SelectedMessages.sketch\" --output=\"$PROJECT_DIR\"/\"$PROJECT_NAME\"/Images.xcassets/SelectedMessages.imageset --formats=\"png\"\n#AskCell\nsketchtool export artboards \"$PROJECT_DIR\"/\"Graphics Resources/AskCell.sketch\" --output=\"$PROJECT_DIR\"/\"$PROJECT_NAME\"/Images.xcassets/AskCell.imageset --formats=\"png\"\n#TellCell\nsketchtool export artboards \"$PROJECT_DIR\"/\"Graphics Resources/TellCell.sketch\" --output=\"$PROJECT_DIR\"/\"$PROJECT_NAME\"/Images.xcassets/TellCell.imageset --formats=\"png\"\n#New\nsketchtool export artboards \"$PROJECT_DIR\"/\"Graphics Resources/New.sketch\" --output=\"$PROJECT_DIR\"/\"$PROJECT_NAME\"/Images.xcassets/New.imageset --formats=\"png\"\n#TellUnselected\nsketchtool export artboards \"$PROJECT_DIR\"/\"Graphics Resources/TellUnselected.sketch\" --output=\"$PROJECT_DIR\"/\"$PROJECT_NAME\"/Images.xcassets/TellUnselected.imageset --formats=\"png\"\n#TellSelected\nsketchtool export artboards \"$PROJECT_DIR\"/\"Graphics Resources/TellSelected.sketch\" --output=\"$PROJECT_DIR\"/\"$PROJECT_NAME\"/Images.xcassets/TellSelected.imageset --formats=\"png\"\n#AskUnselected\nsketchtool export artboards \"$PROJECT_DIR\"/\"Graphics Resources/AskUnselected.sketch\" --output=\"$PROJECT_DIR\"/\"$PROJECT_NAME\"/Images.xcassets/AskUnselected.imageset --formats=\"png\"\n#AskSelected\nsketchtool export artboards \"$PROJECT_DIR\"/\"Graphics Resources/AskSelected.sketch\" --output=\"$PROJECT_DIR\"/\"$PROJECT_NAME\"/Images.xcassets/AskSelected.imageset --formats=\"png\"\n#MapUnselected\nsketchtool export artboards \"$PROJECT_DIR\"/\"Graphics Resources/MapUnselected.sketch\" --output=\"$PROJECT_DIR\"/\"$PROJECT_NAME\"/Images.xcassets/MapUnselected.imageset --formats=\"png\"\n#MapSelected\nsketchtool export artboards \"$PROJECT_DIR\"/\"Graphics Resources/MapSelected.sketch\" --output=\"$PROJECT_DIR\"/\"$PROJECT_NAME\"/Images.xcassets/MapSelected.imageset --formats=\"png\"\n#TextUnselected\nsketchtool export artboards \"$PROJECT_DIR\"/\"Graphics Resources/TextUnselected.sketch\" --output=\"$PROJECT_DIR\"/\"$PROJECT_NAME\"/Images.xcassets/TextUnselected.imageset --formats=\"png\"\n#TextSelected\nsketchtool export artboards \"$PROJECT_DIR\"/\"Graphics Resources/TextSelected.sketch\" --output=\"$PROJECT_DIR\"/\"$PROJECT_NAME\"/Images.xcassets/TextSelected.imageset --formats=\"png\"\n#DirectionsUnselected\nsketchtool export artboards \"$PROJECT_DIR\"/\"Graphics Resources/DirectionsUnselected.sketch\" --output=\"$PROJECT_DIR\"/\"$PROJECT_NAME\"/Images.xcassets/DirectionsUnselected.imageset --formats=\"png\"\n#DirectionsSelected\nsketchtool export artboards \"$PROJECT_DIR\"/\"Graphics Resources/DirectionsSelected.sketch\" --output=\"$PROJECT_DIR\"/\"$PROJECT_NAME\"/Images.xcassets/DirectionsSelected.imageset --formats=\"png\"\n#UnreadCircle\nsketchtool export artboards \"$PROJECT_DIR\"/\"Graphics Resources/UnreadCircle.sketch\" --output=\"$PROJECT_DIR\"/\"$PROJECT_NAME\"/Images.xcassets/UnreadCircle.imageset --formats=\"png\"\n#ReadCircle\nsketchtool export artboards \"$PROJECT_DIR\"/\"Graphics Resources/ReadCircle.sketch\" --output=\"$PROJECT_DIR\"/\"$PROJECT_NAME\"/Images.xcassets/ReadCircle.imageset --formats=\"png\"\n#UnselectedCircle\nsketchtool export artboards \"$PROJECT_DIR\"/\"Graphics Resources/UnselectedCircle.sketch\" --output=\"$PROJECT_DIR\"/\"$PROJECT_NAME\"/Images.xcassets/UnselectedCircle.imageset --formats=\"png\"\n#SelectedCircle\nsketchtool export artboards \"$PROJECT_DIR\"/\"Graphics Resources/SelectedCircle.sketch\" --output=\"$PROJECT_DIR\"/\"$PROJECT_NAME\"/Images.xcassets/SelectedCircle.imageset --formats=\"png\"\n#DownArrow\nsketchtool export artboards \"$PROJECT_DIR\"/\"Graphics Resources/DownArrow.sketch\" --output=\"$PROJECT_DIR\"/\"$PROJECT_NAME\"/Images.xcassets/DownArrow.imageset --formats=\"png\"\n#UpArrow\nsketchtool export artboards \"$PROJECT_DIR\"/\"Graphics Resources/UpArrow.sketch\" --output=\"$PROJECT_DIR\"/\"$PROJECT_NAME\"/Images.xcassets/UpArrow.imageset --formats=\"png\"\n#Close\nsketchtool export artboards \"$PROJECT_DIR\"/\"Graphics Resources/Close.sketch\" --output=\"$PROJECT_DIR\"/\"$PROJECT_NAME\"/Images.xcassets/Close.imageset --formats=\"png\"\n\n#Background0\nsketchtool export artboards \"$PROJECT_DIR\"/\"Graphics Resources/Background0.sketch\" --output=\"$PROJECT_DIR\"/\"$PROJECT_NAME\"/Images.xcassets/Background0.imageset --formats=\"png\"\n#LoginButton\nsketchtool export artboards \"$PROJECT_DIR\"/\"Graphics Resources/LoginButton.sketch\" --output=\"$PROJECT_DIR\"/\"$PROJECT_NAME\"/Images.xcassets/LoginButton.imageset --formats=\"png\"\n#SignupButton\nsketchtool export artboards \"$PROJECT_DIR\"/\"Graphics Resources/SignupButton.sketch\" --output=\"$PROJECT_DIR\"/\"$PROJECT_NAME\"/Images.xcassets/SignupButton.imageset --formats=\"png\"\n#DoneButton\nsketchtool export artboards \"$PROJECT_DIR\"/\"Graphics Resources/DoneButton.sketch\" --output=\"$PROJECT_DIR\"/\"$PROJECT_NAME\"/Images.xcassets/DoneButton.imageset --formats=\"png\"\n#CancelLoginSignup\nsketchtool export artboards \"$PROJECT_DIR\"/\"Graphics Resources/CancelLoginSignup.sketch\" --output=\"$PROJECT_DIR\"/\"$PROJECT_NAME\"/Images.xcassets/CancelLoginSignup.imageset --formats=\"png\"\n\n#Background1\nsketchtool export artboards \"$PROJECT_DIR\"/\"Graphics Resources/Background1.sketch\" --output=\"$PROJECT_DIR\"/\"$PROJECT_NAME\"/Images.xcassets/Background1.imageset --formats=\"png\"\n\n#Background2\nsketchtool export artboards \"$PROJECT_DIR\"/\"Graphics Resources/Background2.sketch\" --output=\"$PROJECT_DIR\"/\"$PROJECT_NAME\"/Images.xcassets/Background2.imageset --formats=\"png\"\n\n\n\n# AppIcon\nsketchtool export artboards \"$PROJECT_DIR\"/\"Graphics Resources/AppIcon.sketch\" --output=\"$PROJECT_DIR\"/\"$PROJECT_NAME\"/Images.xcassets/AppIcon.appiconset --formats=\"png\"\n#LaunchImage\nsketchtool export artboards \"$PROJECT_DIR\"/\"Graphics Resources/LaunchImage.sketch\" --output=\"$PROJECT_DIR\"/\"$PROJECT_NAME\"/Images.xcassets/LaunchImage.launchimage --formats=\"png\"\n";
		};
/* End PBXShellScriptBuildPhase section */

/* Begin PBXSourcesBuildPhase section */
		14AB32FB1942816400B8E20D /* Sources */ = {
			isa = PBXSourcesBuildPhase;
			buildActionMask = 2147483647;
			files = (
				14AB33131942816400B8E20D /* AppDelegate.m in Sources */,
				14C66668194669FF00341F0D /* User.m in Sources */,
				E0EFD2CE1986D0DC0025F898 /* LoginView.m in Sources */,
				E0B3C3B91975FACB00106D72 /* SettingsTVC.m in Sources */,
				E0B3C3BC1975FD4C00106D72 /* LogoutCell.m in Sources */,
				14315C4D19490A0400378EA5 /* Contact.m in Sources */,
				144BA0C4194F80A000977673 /* SearchCell.m in Sources */,
				144BA0BE194F68A600977673 /* AddContacts.m in Sources */,
				E0EFD2D4198712450025F898 /* Signup.m in Sources */,
				14AB330F1942816400B8E20D /* main.m in Sources */,
				14AB33471942ECAB00B8E20D /* MessageVC.m in Sources */,
				14C6667A1947A60A00341F0D /* LocationManagerController.m in Sources */,
				E0F091E21964F0A900E27499 /* APLViewController.m in Sources */,
				E09829E219648B4E00E75625 /* MessageCVC.m in Sources */,
				1482D1FD1950C88200B8F957 /* AddressBookTVC.m in Sources */,
				14315C5C1949297E00378EA5 /* MapVC.m in Sources */,
				E09829E51964A62700E75625 /* MessageCell.m in Sources */,
				E0644B2B195B51360012CAF7 /* ContactCell.m in Sources */,
				14AB333C194281D500B8E20D /* HomepageTVC.m in Sources */,
				E0F091E11964F0A900E27499 /* UIImage+ImageEffects.m in Sources */,
				E0EFD2CA1986C90B0025F898 /* FirstView.m in Sources */,
				14AB333F1942930600B8E20D /* HomepageChatCell.m in Sources */,
				14315C62194A12D700378EA5 /* ParseController.m in Sources */,
				E0644B28195A3FC30012CAF7 /* OptionsView.m in Sources */,
			);
			runOnlyForDeploymentPostprocessing = 0;
		};
		14AB331F1942816400B8E20D /* Sources */ = {
			isa = PBXSourcesBuildPhase;
			buildActionMask = 2147483647;
			files = (
				14AB33311942816400B8E20D /* LocationsAppTests.m in Sources */,
			);
			runOnlyForDeploymentPostprocessing = 0;
		};
/* End PBXSourcesBuildPhase section */

/* Begin PBXTargetDependency section */
		14AB33291942816400B8E20D /* PBXTargetDependency */ = {
			isa = PBXTargetDependency;
			target = 14AB32FE1942816400B8E20D /* LocationsApp */;
			targetProxy = 14AB33281942816400B8E20D /* PBXContainerItemProxy */;
		};
/* End PBXTargetDependency section */

/* Begin PBXVariantGroup section */
		14AB330B1942816400B8E20D /* InfoPlist.strings */ = {
			isa = PBXVariantGroup;
			children = (
				14AB330C1942816400B8E20D /* en */,
			);
			name = InfoPlist.strings;
			sourceTree = "<group>";
		};
		14AB33141942816400B8E20D /* Main_iPhone.storyboard */ = {
			isa = PBXVariantGroup;
			children = (
				14AB33151942816400B8E20D /* Base */,
			);
			name = Main_iPhone.storyboard;
			sourceTree = "<group>";
		};
		14AB33171942816400B8E20D /* Main_iPad.storyboard */ = {
			isa = PBXVariantGroup;
			children = (
				14AB33181942816400B8E20D /* Base */,
			);
			name = Main_iPad.storyboard;
			sourceTree = "<group>";
		};
		14AB332D1942816400B8E20D /* InfoPlist.strings */ = {
			isa = PBXVariantGroup;
			children = (
				14AB332E1942816400B8E20D /* en */,
			);
			name = InfoPlist.strings;
			sourceTree = "<group>";
		};
/* End PBXVariantGroup section */

/* Begin XCBuildConfiguration section */
		14AB33321942816400B8E20D /* Debug */ = {
			isa = XCBuildConfiguration;
			buildSettings = {
				ALWAYS_SEARCH_USER_PATHS = NO;
				CLANG_CXX_LANGUAGE_STANDARD = "gnu++0x";
				CLANG_CXX_LIBRARY = "libc++";
				CLANG_ENABLE_MODULES = YES;
				CLANG_ENABLE_OBJC_ARC = YES;
				CLANG_WARN_BOOL_CONVERSION = YES;
				CLANG_WARN_CONSTANT_CONVERSION = YES;
				CLANG_WARN_DIRECT_OBJC_ISA_USAGE = YES_ERROR;
				CLANG_WARN_EMPTY_BODY = YES;
				CLANG_WARN_ENUM_CONVERSION = YES;
				CLANG_WARN_INT_CONVERSION = YES;
				CLANG_WARN_OBJC_ROOT_CLASS = YES_ERROR;
				CLANG_WARN__DUPLICATE_METHOD_MATCH = YES;
				"CODE_SIGN_IDENTITY[sdk=iphoneos*]" = "iPhone Developer";
				COPY_PHASE_STRIP = NO;
				GCC_C_LANGUAGE_STANDARD = gnu99;
				GCC_DYNAMIC_NO_PIC = NO;
				GCC_OPTIMIZATION_LEVEL = 0;
				GCC_PREPROCESSOR_DEFINITIONS = (
					"DEBUG=1",
					"$(inherited)",
				);
				GCC_SYMBOLS_PRIVATE_EXTERN = NO;
				GCC_WARN_64_TO_32_BIT_CONVERSION = YES;
				GCC_WARN_ABOUT_RETURN_TYPE = YES_ERROR;
				GCC_WARN_UNDECLARED_SELECTOR = YES;
				GCC_WARN_UNINITIALIZED_AUTOS = YES_AGGRESSIVE;
				GCC_WARN_UNUSED_FUNCTION = YES;
				GCC_WARN_UNUSED_VARIABLE = YES;
				IPHONEOS_DEPLOYMENT_TARGET = 7.1;
				ONLY_ACTIVE_ARCH = YES;
				SDKROOT = iphoneos;
				TARGETED_DEVICE_FAMILY = "1,2";
			};
			name = Debug;
		};
		14AB33331942816400B8E20D /* Release */ = {
			isa = XCBuildConfiguration;
			buildSettings = {
				ALWAYS_SEARCH_USER_PATHS = NO;
				CLANG_CXX_LANGUAGE_STANDARD = "gnu++0x";
				CLANG_CXX_LIBRARY = "libc++";
				CLANG_ENABLE_MODULES = YES;
				CLANG_ENABLE_OBJC_ARC = YES;
				CLANG_WARN_BOOL_CONVERSION = YES;
				CLANG_WARN_CONSTANT_CONVERSION = YES;
				CLANG_WARN_DIRECT_OBJC_ISA_USAGE = YES_ERROR;
				CLANG_WARN_EMPTY_BODY = YES;
				CLANG_WARN_ENUM_CONVERSION = YES;
				CLANG_WARN_INT_CONVERSION = YES;
				CLANG_WARN_OBJC_ROOT_CLASS = YES_ERROR;
				CLANG_WARN__DUPLICATE_METHOD_MATCH = YES;
				"CODE_SIGN_IDENTITY[sdk=iphoneos*]" = "iPhone Developer";
				COPY_PHASE_STRIP = YES;
				ENABLE_NS_ASSERTIONS = NO;
				GCC_C_LANGUAGE_STANDARD = gnu99;
				GCC_WARN_64_TO_32_BIT_CONVERSION = YES;
				GCC_WARN_ABOUT_RETURN_TYPE = YES_ERROR;
				GCC_WARN_UNDECLARED_SELECTOR = YES;
				GCC_WARN_UNINITIALIZED_AUTOS = YES_AGGRESSIVE;
				GCC_WARN_UNUSED_FUNCTION = YES;
				GCC_WARN_UNUSED_VARIABLE = YES;
				IPHONEOS_DEPLOYMENT_TARGET = 7.1;
				SDKROOT = iphoneos;
				TARGETED_DEVICE_FAMILY = "1,2";
				VALIDATE_PRODUCT = YES;
			};
			name = Release;
		};
		14AB33351942816400B8E20D /* Debug */ = {
			isa = XCBuildConfiguration;
			baseConfigurationReference = 80A31E3896C1448999197265 /* Pods-LocationsApp.xcconfig */;
			buildSettings = {
				ASSETCATALOG_COMPILER_APPICON_NAME = AppIcon;
				ASSETCATALOG_COMPILER_LAUNCHIMAGE_NAME = LaunchImage;
				CODE_SIGN_IDENTITY = "iPhone Developer";
				"CODE_SIGN_IDENTITY[sdk=iphoneos*]" = "iPhone Developer";
				FRAMEWORK_SEARCH_PATHS = (
					"$(inherited)",
					"$(PROJECT_DIR)",
				);
				GCC_PRECOMPILE_PREFIX_HEADER = YES;
				GCC_PREFIX_HEADER = "LocationsApp/LocationsApp-Prefix.pch";
				INFOPLIST_FILE = "LocationsApp/LocationsApp-Info.plist";
				LIBRARY_SEARCH_PATHS = (
					"$(inherited)",
					"$(PROJECT_DIR)/Pods/build/Debug-iphoneos",
				);
				OTHER_LDFLAGS = "$(inherited)";
				PRODUCT_NAME = "$(TARGET_NAME)";
				PROVISIONING_PROFILE = "";
				TARGETED_DEVICE_FAMILY = 1;
				WRAPPER_EXTENSION = app;
			};
			name = Debug;
		};
		14AB33361942816400B8E20D /* Release */ = {
			isa = XCBuildConfiguration;
			baseConfigurationReference = 80A31E3896C1448999197265 /* Pods-LocationsApp.xcconfig */;
			buildSettings = {
				ASSETCATALOG_COMPILER_APPICON_NAME = AppIcon;
				ASSETCATALOG_COMPILER_LAUNCHIMAGE_NAME = LaunchImage;
				CODE_SIGN_IDENTITY = "iPhone Developer";
				"CODE_SIGN_IDENTITY[sdk=iphoneos*]" = "iPhone Developer";
				FRAMEWORK_SEARCH_PATHS = (
					"$(inherited)",
					"$(PROJECT_DIR)",
				);
				GCC_PRECOMPILE_PREFIX_HEADER = YES;
				GCC_PREFIX_HEADER = "LocationsApp/LocationsApp-Prefix.pch";
				INFOPLIST_FILE = "LocationsApp/LocationsApp-Info.plist";
				LIBRARY_SEARCH_PATHS = (
					"$(inherited)",
					"$(PROJECT_DIR)/Pods/build/Debug-iphoneos",
				);
				OTHER_LDFLAGS = "$(inherited)";
				PRODUCT_NAME = "$(TARGET_NAME)";
				PROVISIONING_PROFILE = "";
				TARGETED_DEVICE_FAMILY = 1;
				WRAPPER_EXTENSION = app;
			};
			name = Release;
		};
		14AB33381942816400B8E20D /* Debug */ = {
			isa = XCBuildConfiguration;
			buildSettings = {
				BUNDLE_LOADER = "$(BUILT_PRODUCTS_DIR)/LocationsApp.app/LocationsApp";
				FRAMEWORK_SEARCH_PATHS = (
					"$(SDKROOT)/Developer/Library/Frameworks",
					"$(inherited)",
					"$(DEVELOPER_FRAMEWORKS_DIR)",
				);
				GCC_PRECOMPILE_PREFIX_HEADER = YES;
				GCC_PREFIX_HEADER = "LocationsApp/LocationsApp-Prefix.pch";
				GCC_PREPROCESSOR_DEFINITIONS = (
					"DEBUG=1",
					"$(inherited)",
				);
				INFOPLIST_FILE = "LocationsAppTests/LocationsAppTests-Info.plist";
				PRODUCT_NAME = "$(TARGET_NAME)";
				TEST_HOST = "$(BUNDLE_LOADER)";
				WRAPPER_EXTENSION = xctest;
			};
			name = Debug;
		};
		14AB33391942816400B8E20D /* Release */ = {
			isa = XCBuildConfiguration;
			buildSettings = {
				BUNDLE_LOADER = "$(BUILT_PRODUCTS_DIR)/LocationsApp.app/LocationsApp";
				FRAMEWORK_SEARCH_PATHS = (
					"$(SDKROOT)/Developer/Library/Frameworks",
					"$(inherited)",
					"$(DEVELOPER_FRAMEWORKS_DIR)",
				);
				GCC_PRECOMPILE_PREFIX_HEADER = YES;
				GCC_PREFIX_HEADER = "LocationsApp/LocationsApp-Prefix.pch";
				INFOPLIST_FILE = "LocationsAppTests/LocationsAppTests-Info.plist";
				PRODUCT_NAME = "$(TARGET_NAME)";
				TEST_HOST = "$(BUNDLE_LOADER)";
				WRAPPER_EXTENSION = xctest;
			};
			name = Release;
		};
/* End XCBuildConfiguration section */

/* Begin XCConfigurationList section */
		14AB32FA1942816400B8E20D /* Build configuration list for PBXProject "LocationsApp" */ = {
			isa = XCConfigurationList;
			buildConfigurations = (
				14AB33321942816400B8E20D /* Debug */,
				14AB33331942816400B8E20D /* Release */,
			);
			defaultConfigurationIsVisible = 0;
			defaultConfigurationName = Release;
		};
		14AB33341942816400B8E20D /* Build configuration list for PBXNativeTarget "LocationsApp" */ = {
			isa = XCConfigurationList;
			buildConfigurations = (
				14AB33351942816400B8E20D /* Debug */,
				14AB33361942816400B8E20D /* Release */,
			);
			defaultConfigurationIsVisible = 0;
			defaultConfigurationName = Release;
		};
		14AB33371942816400B8E20D /* Build configuration list for PBXNativeTarget "LocationsAppTests" */ = {
			isa = XCConfigurationList;
			buildConfigurations = (
				14AB33381942816400B8E20D /* Debug */,
				14AB33391942816400B8E20D /* Release */,
			);
			defaultConfigurationIsVisible = 0;
			defaultConfigurationName = Release;
		};
/* End XCConfigurationList section */
	};
	rootObject = 14AB32F71942816400B8E20D /* Project object */;
}
